
Microsoft Visual Studio Solution File, Format Version 12.00
# Visual Studio 15
VisualStudioVersion = 15.0.27130.2027
MinimumVisualStudioVersion = 10.0.40219.1
Project("{FAE04EC0-301F-11D3-BF4B-00C04F79EFBC}") = "AddColors", "AddColors\AddColors.csproj", "{C9FEAC01-70EF-4D42-8961-7CFB24A990B1}"
EndProject
Global
	GlobalSection(SolutionConfigurationPlatforms) = preSolution
		Debug|Any CPU = Debug|Any CPU
		Release|Any CPU = Release|Any CPU
	EndGlobalSection
	GlobalSection(ProjectConfigurationPlatforms) = postSolution
		{C9FEAC01-70EF-4D42-8961-7CFB24A990B1}.Debug|Any CPU.ActiveCfg = Debug|Any CPU
		{C9FEAC01-70EF-4D42-8961-7CFB24A990B1}.Debug|Any CPU.Build.0 = Debug|Any CPU
		{C9FEAC01-70EF-4D42-8961-7CFB24A990B1}.Release|Any CPU.ActiveCfg = Release|Any CPU
		{C9FEAC01-70EF-4D42-8961-7CFB24A990B1}.Release|Any CPU.Build.0 = Release|Any CPU
	EndGlobalSection
	GlobalSection(SolutionProperties) = preSolution
		HideSolutionNode = FALSE
	EndGlobalSection
	GlobalSection(ExtensibilityGlobals) = postSolution
		SolutionGuid = {94E28C38-12DE-4BDE-87DC-83D3D1CDD18E}
	EndGlobalSection
EndGlobal
