
Microsoft Visual Studio Solution File, Format Version 12.00
# Visual Studio 15
VisualStudioVersion = 15.0.27004.2009
MinimumVisualStudioVersion = 10.0.40219.1
Project("{FAE04EC0-301F-11D3-BF4B-00C04F79EFBC}") = "Numbers2", "Numbers2\Numbers2.csproj", "{AE40FEAD-58FA-4DFC-9893-80635CACFF5D}"
EndProject
Global
	GlobalSection(SolutionConfigurationPlatforms) = preSolution
		Debug|Any CPU = Debug|Any CPU
		Release|Any CPU = Release|Any CPU
	EndGlobalSection
	GlobalSection(ProjectConfigurationPlatforms) = postSolution
		{AE40FEAD-58FA-4DFC-9893-80635CACFF5D}.Debug|Any CPU.ActiveCfg = Debug|Any CPU
		{AE40FEAD-58FA-4DFC-9893-80635CACFF5D}.Debug|Any CPU.Build.0 = Debug|Any CPU
		{AE40FEAD-58FA-4DFC-9893-80635CACFF5D}.Release|Any CPU.ActiveCfg = Release|Any CPU
		{AE40FEAD-58FA-4DFC-9893-80635CACFF5D}.Release|Any CPU.Build.0 = Release|Any CPU
	EndGlobalSection
	GlobalSection(SolutionProperties) = preSolution
		HideSolutionNode = FALSE
	EndGlobalSection
	GlobalSection(ExtensibilityGlobals) = postSolution
		SolutionGuid = {C7168FBF-ABC2-4C36-ADB6-19AB5A7DE73F}
	EndGlobalSection
EndGlobal
