
Microsoft Visual Studio Solution File, Format Version 12.00
# Visual Studio 15
VisualStudioVersion = 15.0.27130.2027
MinimumVisualStudioVersion = 10.0.40219.1
Project("{FAE04EC0-301F-11D3-BF4B-00C04F79EFBC}") = "Factorial", "Factorial\Factorial.csproj", "{EDF3DADC-2CB5-4624-BA41-2544E10DDE8B}"
EndProject
Global
	GlobalSection(SolutionConfigurationPlatforms) = preSolution
		Debug|Any CPU = Debug|Any CPU
		Release|Any CPU = Release|Any CPU
	EndGlobalSection
	GlobalSection(ProjectConfigurationPlatforms) = postSolution
		{EDF3DADC-2CB5-4624-BA41-2544E10DDE8B}.Debug|Any CPU.ActiveCfg = Debug|Any CPU
		{EDF3DADC-2CB5-4624-BA41-2544E10DDE8B}.Debug|Any CPU.Build.0 = Debug|Any CPU
		{EDF3DADC-2CB5-4624-BA41-2544E10DDE8B}.Release|Any CPU.ActiveCfg = Release|Any CPU
		{EDF3DADC-2CB5-4624-BA41-2544E10DDE8B}.Release|Any CPU.Build.0 = Release|Any CPU
	EndGlobalSection
	GlobalSection(SolutionProperties) = preSolution
		HideSolutionNode = FALSE
	EndGlobalSection
	GlobalSection(ExtensibilityGlobals) = postSolution
		SolutionGuid = {4C202013-975A-4AC6-84C8-636EEAE6A531}
	EndGlobalSection
EndGlobal
