
Microsoft Visual Studio Solution File, Format Version 12.00
# Visual Studio 15
VisualStudioVersion = 15.0.27130.2027
MinimumVisualStudioVersion = 10.0.40219.1
Project("{FAE04EC0-301F-11D3-BF4B-00C04F79EFBC}") = "TeamMaker", "TeamMaker\TeamMaker.csproj", "{2439D5EF-272D-420E-A196-D7886BF65C34}"
EndProject
Global
	GlobalSection(SolutionConfigurationPlatforms) = preSolution
		Debug|Any CPU = Debug|Any CPU
		Release|Any CPU = Release|Any CPU
	EndGlobalSection
	GlobalSection(ProjectConfigurationPlatforms) = postSolution
		{2439D5EF-272D-420E-A196-D7886BF65C34}.Debug|Any CPU.ActiveCfg = Debug|Any CPU
		{2439D5EF-272D-420E-A196-D7886BF65C34}.Debug|Any CPU.Build.0 = Debug|Any CPU
		{2439D5EF-272D-420E-A196-D7886BF65C34}.Release|Any CPU.ActiveCfg = Release|Any CPU
		{2439D5EF-272D-420E-A196-D7886BF65C34}.Release|Any CPU.Build.0 = Release|Any CPU
	EndGlobalSection
	GlobalSection(SolutionProperties) = preSolution
		HideSolutionNode = FALSE
	EndGlobalSection
	GlobalSection(ExtensibilityGlobals) = postSolution
		SolutionGuid = {BE58A40D-1151-443E-9F49-8CFA241A6BDC}
	EndGlobalSection
EndGlobal
